
Microsoft Visual Studio Solution File, Format Version 12.00
# Visual Studio Version 17
VisualStudioVersion = 17.11.35208.52
MinimumVisualStudioVersion = 10.0.40219.1
Project("{FAE04EC0-301F-11D3-BF4B-00C04F79EFBC}") = "WeirdEngine3D", "WeirdEngine3D\WeirdEngine3D.csproj", "{0A43D650-F74B-4207-B1DD-4D3FF5843FAA}"
EndProject
Global
	GlobalSection(SolutionConfigurationPlatforms) = preSolution
		Debug|Any CPU = Debug|Any CPU
		Release|Any CPU = Release|Any CPU
	EndGlobalSection
	GlobalSection(ProjectConfigurationPlatforms) = postSolution
		{0A43D650-F74B-4207-B1DD-4D3FF5843FAA}.Debug|Any CPU.ActiveCfg = Debug|Any CPU
		{0A43D650-F74B-4207-B1DD-4D3FF5843FAA}.Debug|Any CPU.Build.0 = Debug|Any CPU
		{0A43D650-F74B-4207-B1DD-4D3FF5843FAA}.Release|Any CPU.ActiveCfg = Release|Any CPU
		{0A43D650-F74B-4207-B1DD-4D3FF5843FAA}.Release|Any CPU.Build.0 = Release|Any CPU
	EndGlobalSection
	GlobalSection(SolutionProperties) = preSolution
		HideSolutionNode = FALSE
	EndGlobalSection
	GlobalSection(ExtensibilityGlobals) = postSolution
		SolutionGuid = {4E5F4CDD-BDE8-4F17-8B1C-F5502BB16768}
	EndGlobalSection
EndGlobal
